
Microsoft Visual Studio Solution File, Format Version 12.00
# Visual Studio Version 17
VisualStudioVersion = 17.4.33213.308
MinimumVisualStudioVersion = 10.0.40219.1
Project("{FAE04EC0-301F-11D3-BF4B-00C04F79EFBC}") = "lbrVolumenes", "lbrVolumenes.csproj", "{4E8CFA76-1938-48F2-BBD1-48261606A766}"
EndProject
Global
	GlobalSection(SolutionConfigurationPlatforms) = preSolution
		Debug|Any CPU = Debug|Any CPU
		Release|Any CPU = Release|Any CPU
	EndGlobalSection
	GlobalSection(ProjectConfigurationPlatforms) = postSolution
		{4E8CFA76-1938-48F2-BBD1-48261606A766}.Debug|Any CPU.ActiveCfg = Debug|Any CPU
		{4E8CFA76-1938-48F2-BBD1-48261606A766}.Debug|Any CPU.Build.0 = Debug|Any CPU
		{4E8CFA76-1938-48F2-BBD1-48261606A766}.Release|Any CPU.ActiveCfg = Release|Any CPU
		{4E8CFA76-1938-48F2-BBD1-48261606A766}.Release|Any CPU.Build.0 = Release|Any CPU
	EndGlobalSection
	GlobalSection(SolutionProperties) = preSolution
		HideSolutionNode = FALSE
	EndGlobalSection
	GlobalSection(ExtensibilityGlobals) = postSolution
		SolutionGuid = {22BD6DEC-64EA-4C6E-99F1-C4D70FB63151}
	EndGlobalSection
EndGlobal
