
Microsoft Visual Studio Solution File, Format Version 12.00
# Visual Studio Version 17
VisualStudioVersion = 17.4.33213.308
MinimumVisualStudioVersion = 10.0.40219.1
Project("{FAE04EC0-301F-11D3-BF4B-00C04F79EFBC}") = "Programa26-PolimorfismoHerencia", "Programa26-PolimorfismoHerencia.csproj", "{4E4086EE-EB94-4698-B184-D07E3DCF9C54}"
EndProject
Global
	GlobalSection(SolutionConfigurationPlatforms) = preSolution
		Debug|Any CPU = Debug|Any CPU
		Release|Any CPU = Release|Any CPU
	EndGlobalSection
	GlobalSection(ProjectConfigurationPlatforms) = postSolution
		{4E4086EE-EB94-4698-B184-D07E3DCF9C54}.Debug|Any CPU.ActiveCfg = Debug|Any CPU
		{4E4086EE-EB94-4698-B184-D07E3DCF9C54}.Debug|Any CPU.Build.0 = Debug|Any CPU
		{4E4086EE-EB94-4698-B184-D07E3DCF9C54}.Release|Any CPU.ActiveCfg = Release|Any CPU
		{4E4086EE-EB94-4698-B184-D07E3DCF9C54}.Release|Any CPU.Build.0 = Release|Any CPU
	EndGlobalSection
	GlobalSection(SolutionProperties) = preSolution
		HideSolutionNode = FALSE
	EndGlobalSection
	GlobalSection(ExtensibilityGlobals) = postSolution
		SolutionGuid = {A35ACFA1-4A89-4591-B2EF-98153816BE11}
	EndGlobalSection
EndGlobal
