
Microsoft Visual Studio Solution File, Format Version 12.00
# Visual Studio Version 17
VisualStudioVersion = 17.4.33213.308
MinimumVisualStudioVersion = 10.0.40219.1
Project("{FAE04EC0-301F-11D3-BF4B-00C04F79EFBC}") = "Programa20 - Practica Unidad 2", "Programa20 - Practica Unidad 2.csproj", "{71840B15-AC14-46F7-AE90-B3294CA336AF}"
EndProject
Global
	GlobalSection(SolutionConfigurationPlatforms) = preSolution
		Debug|Any CPU = Debug|Any CPU
		Release|Any CPU = Release|Any CPU
	EndGlobalSection
	GlobalSection(ProjectConfigurationPlatforms) = postSolution
		{71840B15-AC14-46F7-AE90-B3294CA336AF}.Debug|Any CPU.ActiveCfg = Debug|Any CPU
		{71840B15-AC14-46F7-AE90-B3294CA336AF}.Debug|Any CPU.Build.0 = Debug|Any CPU
		{71840B15-AC14-46F7-AE90-B3294CA336AF}.Release|Any CPU.ActiveCfg = Release|Any CPU
		{71840B15-AC14-46F7-AE90-B3294CA336AF}.Release|Any CPU.Build.0 = Release|Any CPU
	EndGlobalSection
	GlobalSection(SolutionProperties) = preSolution
		HideSolutionNode = FALSE
	EndGlobalSection
	GlobalSection(ExtensibilityGlobals) = postSolution
		SolutionGuid = {5E7C1242-848D-4944-94D2-5C176074ABA7}
	EndGlobalSection
EndGlobal
