
Microsoft Visual Studio Solution File, Format Version 12.00
# Visual Studio Version 17
VisualStudioVersion = 17.4.33213.308
MinimumVisualStudioVersion = 10.0.40219.1
Project("{FAE04EC0-301F-11D3-BF4B-00C04F79EFBC}") = "Programa14 - Clase Coche", "Programa14 - Clase Coche.csproj", "{66BC822C-8010-4057-BF76-6A0041992736}"
EndProject
Global
	GlobalSection(SolutionConfigurationPlatforms) = preSolution
		Debug|Any CPU = Debug|Any CPU
		Release|Any CPU = Release|Any CPU
	EndGlobalSection
	GlobalSection(ProjectConfigurationPlatforms) = postSolution
		{66BC822C-8010-4057-BF76-6A0041992736}.Debug|Any CPU.ActiveCfg = Debug|Any CPU
		{66BC822C-8010-4057-BF76-6A0041992736}.Debug|Any CPU.Build.0 = Debug|Any CPU
		{66BC822C-8010-4057-BF76-6A0041992736}.Release|Any CPU.ActiveCfg = Release|Any CPU
		{66BC822C-8010-4057-BF76-6A0041992736}.Release|Any CPU.Build.0 = Release|Any CPU
	EndGlobalSection
	GlobalSection(SolutionProperties) = preSolution
		HideSolutionNode = FALSE
	EndGlobalSection
	GlobalSection(ExtensibilityGlobals) = postSolution
		SolutionGuid = {87C7F186-3471-4F26-94BF-E69DA5D2455C}
	EndGlobalSection
EndGlobal
