
Microsoft Visual Studio Solution File, Format Version 12.00
# Visual Studio Version 17
VisualStudioVersion = 17.3.32901.215
MinimumVisualStudioVersion = 10.0.40219.1
Project("{FAE04EC0-301F-11D3-BF4B-00C04F79EFBC}") = "DW_Ejercicio2", "DW_Ejercicio2\DW_Ejercicio2.csproj", "{4FDA051D-6A35-4F2B-8261-2754E826713E}"
EndProject
Global
	GlobalSection(SolutionConfigurationPlatforms) = preSolution
		Debug|Any CPU = Debug|Any CPU
		Release|Any CPU = Release|Any CPU
	EndGlobalSection
	GlobalSection(ProjectConfigurationPlatforms) = postSolution
		{4FDA051D-6A35-4F2B-8261-2754E826713E}.Debug|Any CPU.ActiveCfg = Debug|Any CPU
		{4FDA051D-6A35-4F2B-8261-2754E826713E}.Debug|Any CPU.Build.0 = Debug|Any CPU
		{4FDA051D-6A35-4F2B-8261-2754E826713E}.Release|Any CPU.ActiveCfg = Release|Any CPU
		{4FDA051D-6A35-4F2B-8261-2754E826713E}.Release|Any CPU.Build.0 = Release|Any CPU
	EndGlobalSection
	GlobalSection(SolutionProperties) = preSolution
		HideSolutionNode = FALSE
	EndGlobalSection
	GlobalSection(ExtensibilityGlobals) = postSolution
		SolutionGuid = {C1FC6C3F-E803-4FC4-9443-0FE798F689A1}
	EndGlobalSection
EndGlobal
