
Microsoft Visual Studio Solution File, Format Version 12.00
# Visual Studio Version 17
VisualStudioVersion = 17.6.33815.320
MinimumVisualStudioVersion = 10.0.40219.1
Project("{FAE04EC0-301F-11D3-BF4B-00C04F79EFBC}") = "P9 Registros Anidados", "P9 Registros Anidados.csproj", "{87DE0951-208B-4E89-82F2-F7E51965BA60}"
EndProject
Global
	GlobalSection(SolutionConfigurationPlatforms) = preSolution
		Debug|Any CPU = Debug|Any CPU
		Release|Any CPU = Release|Any CPU
	EndGlobalSection
	GlobalSection(ProjectConfigurationPlatforms) = postSolution
		{87DE0951-208B-4E89-82F2-F7E51965BA60}.Debug|Any CPU.ActiveCfg = Debug|Any CPU
		{87DE0951-208B-4E89-82F2-F7E51965BA60}.Debug|Any CPU.Build.0 = Debug|Any CPU
		{87DE0951-208B-4E89-82F2-F7E51965BA60}.Release|Any CPU.ActiveCfg = Release|Any CPU
		{87DE0951-208B-4E89-82F2-F7E51965BA60}.Release|Any CPU.Build.0 = Release|Any CPU
	EndGlobalSection
	GlobalSection(SolutionProperties) = preSolution
		HideSolutionNode = FALSE
	EndGlobalSection
	GlobalSection(ExtensibilityGlobals) = postSolution
		SolutionGuid = {5D53C68A-B276-4CC5-8D59-5911A06E0D07}
	EndGlobalSection
EndGlobal
