
Microsoft Visual Studio Solution File, Format Version 12.00
# Visual Studio Version 17
VisualStudioVersion = 17.4.33213.308
MinimumVisualStudioVersion = 10.0.40219.1
Project("{FAE04EC0-301F-11D3-BF4B-00C04F79EFBC}") = "Programa16 - Clase cliente", "Programa16 - Clase cliente.csproj", "{7C586A5B-76E1-4B92-9003-EA053D600C17}"
EndProject
Global
	GlobalSection(SolutionConfigurationPlatforms) = preSolution
		Debug|Any CPU = Debug|Any CPU
		Release|Any CPU = Release|Any CPU
	EndGlobalSection
	GlobalSection(ProjectConfigurationPlatforms) = postSolution
		{7C586A5B-76E1-4B92-9003-EA053D600C17}.Debug|Any CPU.ActiveCfg = Debug|Any CPU
		{7C586A5B-76E1-4B92-9003-EA053D600C17}.Debug|Any CPU.Build.0 = Debug|Any CPU
		{7C586A5B-76E1-4B92-9003-EA053D600C17}.Release|Any CPU.ActiveCfg = Release|Any CPU
		{7C586A5B-76E1-4B92-9003-EA053D600C17}.Release|Any CPU.Build.0 = Release|Any CPU
	EndGlobalSection
	GlobalSection(SolutionProperties) = preSolution
		HideSolutionNode = FALSE
	EndGlobalSection
	GlobalSection(ExtensibilityGlobals) = postSolution
		SolutionGuid = {E61B719B-4087-4BC0-868A-AB6B5BAD8EEA}
	EndGlobalSection
EndGlobal
