
Microsoft Visual Studio Solution File, Format Version 12.00
# Visual Studio Version 17
VisualStudioVersion = 17.4.33213.308
MinimumVisualStudioVersion = 10.0.40219.1
Project("{FAE04EC0-301F-11D3-BF4B-00C04F79EFBC}") = "Ejemplo4_Redefinicion_de_Metodos", "Ejemplo4_Redefinicion_de_Metodos.csproj", "{6F0EF239-62A3-4ADD-B1A7-9DC60DAFA72B}"
EndProject
Global
	GlobalSection(SolutionConfigurationPlatforms) = preSolution
		Debug|Any CPU = Debug|Any CPU
		Release|Any CPU = Release|Any CPU
	EndGlobalSection
	GlobalSection(ProjectConfigurationPlatforms) = postSolution
		{6F0EF239-62A3-4ADD-B1A7-9DC60DAFA72B}.Debug|Any CPU.ActiveCfg = Debug|Any CPU
		{6F0EF239-62A3-4ADD-B1A7-9DC60DAFA72B}.Debug|Any CPU.Build.0 = Debug|Any CPU
		{6F0EF239-62A3-4ADD-B1A7-9DC60DAFA72B}.Release|Any CPU.ActiveCfg = Release|Any CPU
		{6F0EF239-62A3-4ADD-B1A7-9DC60DAFA72B}.Release|Any CPU.Build.0 = Release|Any CPU
	EndGlobalSection
	GlobalSection(SolutionProperties) = preSolution
		HideSolutionNode = FALSE
	EndGlobalSection
	GlobalSection(ExtensibilityGlobals) = postSolution
		SolutionGuid = {F058722C-6A43-4449-A796-9B70D2027595}
	EndGlobalSection
EndGlobal
