
Microsoft Visual Studio Solution File, Format Version 12.00
# Visual Studio Version 17
VisualStudioVersion = 17.4.33213.308
MinimumVisualStudioVersion = 10.0.40219.1
Project("{FAE04EC0-301F-11D3-BF4B-00C04F79EFBC}") = "Programa6-Ciclo_DoWhile", "Programa6-Ciclo_DoWhile.csproj", "{AFF0149D-D42C-47C7-B9DA-7091F477486F}"
EndProject
Global
	GlobalSection(SolutionConfigurationPlatforms) = preSolution
		Debug|Any CPU = Debug|Any CPU
		Release|Any CPU = Release|Any CPU
	EndGlobalSection
	GlobalSection(ProjectConfigurationPlatforms) = postSolution
		{AFF0149D-D42C-47C7-B9DA-7091F477486F}.Debug|Any CPU.ActiveCfg = Debug|Any CPU
		{AFF0149D-D42C-47C7-B9DA-7091F477486F}.Debug|Any CPU.Build.0 = Debug|Any CPU
		{AFF0149D-D42C-47C7-B9DA-7091F477486F}.Release|Any CPU.ActiveCfg = Release|Any CPU
		{AFF0149D-D42C-47C7-B9DA-7091F477486F}.Release|Any CPU.Build.0 = Release|Any CPU
	EndGlobalSection
	GlobalSection(SolutionProperties) = preSolution
		HideSolutionNode = FALSE
	EndGlobalSection
	GlobalSection(ExtensibilityGlobals) = postSolution
		SolutionGuid = {55EDEE7A-104D-4422-AFA4-D58262684937}
	EndGlobalSection
EndGlobal
