
Microsoft Visual Studio Solution File, Format Version 12.00
# Visual Studio Version 17
VisualStudioVersion = 17.4.33213.308
MinimumVisualStudioVersion = 10.0.40219.1
Project("{FAE04EC0-301F-11D3-BF4B-00C04F79EFBC}") = "Ejemplo_Interfaz", "Ejemplo_Interfaz.csproj", "{DED6B4C1-79A9-487E-9796-C546D672658E}"
EndProject
Global
	GlobalSection(SolutionConfigurationPlatforms) = preSolution
		Debug|Any CPU = Debug|Any CPU
		Release|Any CPU = Release|Any CPU
	EndGlobalSection
	GlobalSection(ProjectConfigurationPlatforms) = postSolution
		{DED6B4C1-79A9-487E-9796-C546D672658E}.Debug|Any CPU.ActiveCfg = Debug|Any CPU
		{DED6B4C1-79A9-487E-9796-C546D672658E}.Debug|Any CPU.Build.0 = Debug|Any CPU
		{DED6B4C1-79A9-487E-9796-C546D672658E}.Release|Any CPU.ActiveCfg = Release|Any CPU
		{DED6B4C1-79A9-487E-9796-C546D672658E}.Release|Any CPU.Build.0 = Release|Any CPU
	EndGlobalSection
	GlobalSection(SolutionProperties) = preSolution
		HideSolutionNode = FALSE
	EndGlobalSection
	GlobalSection(ExtensibilityGlobals) = postSolution
		SolutionGuid = {38FF9F9B-A011-495B-A775-E9664A545999}
	EndGlobalSection
EndGlobal
