
Microsoft Visual Studio Solution File, Format Version 12.00
# Visual Studio Version 17
VisualStudioVersion = 17.3.32901.215
MinimumVisualStudioVersion = 10.0.40219.1
Project("{FAE04EC0-301F-11D3-BF4B-00C04F79EFBC}") = "Ejercicio_Clase_SM", "Ejercicio_Clase_SM.csproj", "{615041FD-E4FC-423E-8B10-8C8CD2007CF6}"
EndProject
Global
	GlobalSection(SolutionConfigurationPlatforms) = preSolution
		Debug|Any CPU = Debug|Any CPU
		Release|Any CPU = Release|Any CPU
	EndGlobalSection
	GlobalSection(ProjectConfigurationPlatforms) = postSolution
		{615041FD-E4FC-423E-8B10-8C8CD2007CF6}.Debug|Any CPU.ActiveCfg = Debug|Any CPU
		{615041FD-E4FC-423E-8B10-8C8CD2007CF6}.Debug|Any CPU.Build.0 = Debug|Any CPU
		{615041FD-E4FC-423E-8B10-8C8CD2007CF6}.Release|Any CPU.ActiveCfg = Release|Any CPU
		{615041FD-E4FC-423E-8B10-8C8CD2007CF6}.Release|Any CPU.Build.0 = Release|Any CPU
	EndGlobalSection
	GlobalSection(SolutionProperties) = preSolution
		HideSolutionNode = FALSE
	EndGlobalSection
	GlobalSection(ExtensibilityGlobals) = postSolution
		SolutionGuid = {B38C6586-E15A-435C-9D3B-77D869A3044E}
	EndGlobalSection
EndGlobal
