
Microsoft Visual Studio Solution File, Format Version 12.00
# Visual Studio Version 17
VisualStudioVersion = 17.8.34309.116
MinimumVisualStudioVersion = 10.0.40219.1
Project("{FAE04EC0-301F-11D3-BF4B-00C04F79EFBC}") = "GridLengthAnimation", "GridLengthAnimation.csproj", "{721C448D-B083-403D-BBC5-9C883AF08EA7}"
EndProject
Global
	GlobalSection(SolutionConfigurationPlatforms) = preSolution
		Debug|Any CPU = Debug|Any CPU
		Release|Any CPU = Release|Any CPU
	EndGlobalSection
	GlobalSection(ProjectConfigurationPlatforms) = postSolution
		{721C448D-B083-403D-BBC5-9C883AF08EA7}.Debug|Any CPU.ActiveCfg = Debug|Any CPU
		{721C448D-B083-403D-BBC5-9C883AF08EA7}.Debug|Any CPU.Build.0 = Debug|Any CPU
		{721C448D-B083-403D-BBC5-9C883AF08EA7}.Release|Any CPU.ActiveCfg = Release|Any CPU
		{721C448D-B083-403D-BBC5-9C883AF08EA7}.Release|Any CPU.Build.0 = Release|Any CPU
	EndGlobalSection
	GlobalSection(SolutionProperties) = preSolution
		HideSolutionNode = FALSE
	EndGlobalSection
	GlobalSection(ExtensibilityGlobals) = postSolution
		SolutionGuid = {653821F9-EA57-436D-9417-AD99D251097F}
	EndGlobalSection
EndGlobal
