
Microsoft Visual Studio Solution File, Format Version 12.00
# Visual Studio Version 17
VisualStudioVersion = 17.4.33213.308
MinimumVisualStudioVersion = 10.0.40219.1
Project("{FAE04EC0-301F-11D3-BF4B-00C04F79EFBC}") = "Ejemplo_ClasesAbstractas", "Ejemplo_ClasesAbstractas.csproj", "{2948714A-1D07-47AD-9905-FDB6B70A7B8C}"
EndProject
Global
	GlobalSection(SolutionConfigurationPlatforms) = preSolution
		Debug|Any CPU = Debug|Any CPU
		Release|Any CPU = Release|Any CPU
	EndGlobalSection
	GlobalSection(ProjectConfigurationPlatforms) = postSolution
		{2948714A-1D07-47AD-9905-FDB6B70A7B8C}.Debug|Any CPU.ActiveCfg = Debug|Any CPU
		{2948714A-1D07-47AD-9905-FDB6B70A7B8C}.Debug|Any CPU.Build.0 = Debug|Any CPU
		{2948714A-1D07-47AD-9905-FDB6B70A7B8C}.Release|Any CPU.ActiveCfg = Release|Any CPU
		{2948714A-1D07-47AD-9905-FDB6B70A7B8C}.Release|Any CPU.Build.0 = Release|Any CPU
	EndGlobalSection
	GlobalSection(SolutionProperties) = preSolution
		HideSolutionNode = FALSE
	EndGlobalSection
	GlobalSection(ExtensibilityGlobals) = postSolution
		SolutionGuid = {01003769-869E-4878-B3F3-F61E85D4E753}
	EndGlobalSection
EndGlobal
