
Microsoft Visual Studio Solution File, Format Version 12.00
# Visual Studio Version 17
VisualStudioVersion = 17.3.32825.248
MinimumVisualStudioVersion = 10.0.40219.1
Project("{FAE04EC0-301F-11D3-BF4B-00C04F79EFBC}") = "Problema_3", "Problema_3.csproj", "{7FCFC692-085A-42F7-803A-85612722C552}"
EndProject
Global
	GlobalSection(SolutionConfigurationPlatforms) = preSolution
		Debug|Any CPU = Debug|Any CPU
		Release|Any CPU = Release|Any CPU
	EndGlobalSection
	GlobalSection(ProjectConfigurationPlatforms) = postSolution
		{7FCFC692-085A-42F7-803A-85612722C552}.Debug|Any CPU.ActiveCfg = Debug|Any CPU
		{7FCFC692-085A-42F7-803A-85612722C552}.Debug|Any CPU.Build.0 = Debug|Any CPU
		{7FCFC692-085A-42F7-803A-85612722C552}.Release|Any CPU.ActiveCfg = Release|Any CPU
		{7FCFC692-085A-42F7-803A-85612722C552}.Release|Any CPU.Build.0 = Release|Any CPU
	EndGlobalSection
	GlobalSection(SolutionProperties) = preSolution
		HideSolutionNode = FALSE
	EndGlobalSection
	GlobalSection(ExtensibilityGlobals) = postSolution
		SolutionGuid = {A9BE52FD-2086-4ECD-A4FA-D3AA77D0E34B}
	EndGlobalSection
EndGlobal
