
Microsoft Visual Studio Solution File, Format Version 12.00
# Visual Studio Version 17
VisualStudioVersion = 17.4.33213.308
MinimumVisualStudioVersion = 10.0.40219.1
Project("{FAE04EC0-301F-11D3-BF4B-00C04F79EFBC}") = "Programa19 - Sobrecarga de Operadores", "Programa19 - Sobrecarga de Operadores.csproj", "{2AB955F6-3E41-4273-9464-9C21D8692E34}"
EndProject
Global
	GlobalSection(SolutionConfigurationPlatforms) = preSolution
		Debug|Any CPU = Debug|Any CPU
		Release|Any CPU = Release|Any CPU
	EndGlobalSection
	GlobalSection(ProjectConfigurationPlatforms) = postSolution
		{2AB955F6-3E41-4273-9464-9C21D8692E34}.Debug|Any CPU.ActiveCfg = Debug|Any CPU
		{2AB955F6-3E41-4273-9464-9C21D8692E34}.Debug|Any CPU.Build.0 = Debug|Any CPU
		{2AB955F6-3E41-4273-9464-9C21D8692E34}.Release|Any CPU.ActiveCfg = Release|Any CPU
		{2AB955F6-3E41-4273-9464-9C21D8692E34}.Release|Any CPU.Build.0 = Release|Any CPU
	EndGlobalSection
	GlobalSection(SolutionProperties) = preSolution
		HideSolutionNode = FALSE
	EndGlobalSection
	GlobalSection(ExtensibilityGlobals) = postSolution
		SolutionGuid = {1588A672-9D00-45BE-80A5-28B9B1902854}
	EndGlobalSection
EndGlobal
