
Microsoft Visual Studio Solution File, Format Version 12.00
# Visual Studio Version 17
VisualStudioVersion = 17.3.32901.215
MinimumVisualStudioVersion = 10.0.40219.1
Project("{FAE04EC0-301F-11D3-BF4B-00C04F79EFBC}") = "Ejercicio_C", "Ejercicio_C.csproj", "{4AD0FDC0-E2C5-435C-BD4B-2EFDB198B6EB}"
EndProject
Global
	GlobalSection(SolutionConfigurationPlatforms) = preSolution
		Debug|Any CPU = Debug|Any CPU
		Release|Any CPU = Release|Any CPU
	EndGlobalSection
	GlobalSection(ProjectConfigurationPlatforms) = postSolution
		{4AD0FDC0-E2C5-435C-BD4B-2EFDB198B6EB}.Debug|Any CPU.ActiveCfg = Debug|Any CPU
		{4AD0FDC0-E2C5-435C-BD4B-2EFDB198B6EB}.Debug|Any CPU.Build.0 = Debug|Any CPU
		{4AD0FDC0-E2C5-435C-BD4B-2EFDB198B6EB}.Release|Any CPU.ActiveCfg = Release|Any CPU
		{4AD0FDC0-E2C5-435C-BD4B-2EFDB198B6EB}.Release|Any CPU.Build.0 = Release|Any CPU
	EndGlobalSection
	GlobalSection(SolutionProperties) = preSolution
		HideSolutionNode = FALSE
	EndGlobalSection
	GlobalSection(ExtensibilityGlobals) = postSolution
		SolutionGuid = {69F32F3B-20E6-4735-AECD-72AFDFAF79AA}
	EndGlobalSection
EndGlobal
