
Microsoft Visual Studio Solution File, Format Version 12.00
# Visual Studio Version 17
VisualStudioVersion = 17.7.34009.444
MinimumVisualStudioVersion = 10.0.40219.1
Project("{FAE04EC0-301F-11D3-BF4B-00C04F79EFBC}") = "Prueba4_MachadoJavier", "Prueba4_MachadoJavier.csproj", "{A6233ACF-0306-4931-983F-190854FB04A5}"
EndProject
Global
	GlobalSection(SolutionConfigurationPlatforms) = preSolution
		Debug|Any CPU = Debug|Any CPU
		Release|Any CPU = Release|Any CPU
	EndGlobalSection
	GlobalSection(ProjectConfigurationPlatforms) = postSolution
		{A6233ACF-0306-4931-983F-190854FB04A5}.Debug|Any CPU.ActiveCfg = Debug|Any CPU
		{A6233ACF-0306-4931-983F-190854FB04A5}.Debug|Any CPU.Build.0 = Debug|Any CPU
		{A6233ACF-0306-4931-983F-190854FB04A5}.Release|Any CPU.ActiveCfg = Release|Any CPU
		{A6233ACF-0306-4931-983F-190854FB04A5}.Release|Any CPU.Build.0 = Release|Any CPU
	EndGlobalSection
	GlobalSection(SolutionProperties) = preSolution
		HideSolutionNode = FALSE
	EndGlobalSection
	GlobalSection(ExtensibilityGlobals) = postSolution
		SolutionGuid = {1CE79A66-B23D-46BE-B5E5-7AD5D62967D4}
	EndGlobalSection
EndGlobal
