
Microsoft Visual Studio Solution File, Format Version 12.00
# Visual Studio Version 17
VisualStudioVersion = 17.8.34309.116
MinimumVisualStudioVersion = 10.0.40219.1
Project("{FAE04EC0-301F-11D3-BF4B-00C04F79EFBC}") = "Biseccion_Ejemplo2", "Biseccion_Ejemplo2.csproj", "{17FE46B1-1B7C-4D2A-824B-6E72D9DABBE8}"
EndProject
Global
	GlobalSection(SolutionConfigurationPlatforms) = preSolution
		Debug|Any CPU = Debug|Any CPU
		Release|Any CPU = Release|Any CPU
	EndGlobalSection
	GlobalSection(ProjectConfigurationPlatforms) = postSolution
		{17FE46B1-1B7C-4D2A-824B-6E72D9DABBE8}.Debug|Any CPU.ActiveCfg = Debug|Any CPU
		{17FE46B1-1B7C-4D2A-824B-6E72D9DABBE8}.Debug|Any CPU.Build.0 = Debug|Any CPU
		{17FE46B1-1B7C-4D2A-824B-6E72D9DABBE8}.Release|Any CPU.ActiveCfg = Release|Any CPU
		{17FE46B1-1B7C-4D2A-824B-6E72D9DABBE8}.Release|Any CPU.Build.0 = Release|Any CPU
	EndGlobalSection
	GlobalSection(SolutionProperties) = preSolution
		HideSolutionNode = FALSE
	EndGlobalSection
	GlobalSection(ExtensibilityGlobals) = postSolution
		SolutionGuid = {B3DEA6BE-6AEA-41AC-BC65-4DEEFD3E166A}
	EndGlobalSection
EndGlobal
