
Microsoft Visual Studio Solution File, Format Version 12.00
# Visual Studio Version 17
VisualStudioVersion = 17.4.33213.308
MinimumVisualStudioVersion = 10.0.40219.1
Project("{FAE04EC0-301F-11D3-BF4B-00C04F79EFBC}") = "Programa22 - Uso modificador new", "Programa22 - Uso modificador new.csproj", "{87984D03-629E-4B2A-9F40-A973D1DC26F7}"
EndProject
Global
	GlobalSection(SolutionConfigurationPlatforms) = preSolution
		Debug|Any CPU = Debug|Any CPU
		Release|Any CPU = Release|Any CPU
	EndGlobalSection
	GlobalSection(ProjectConfigurationPlatforms) = postSolution
		{87984D03-629E-4B2A-9F40-A973D1DC26F7}.Debug|Any CPU.ActiveCfg = Debug|Any CPU
		{87984D03-629E-4B2A-9F40-A973D1DC26F7}.Debug|Any CPU.Build.0 = Debug|Any CPU
		{87984D03-629E-4B2A-9F40-A973D1DC26F7}.Release|Any CPU.ActiveCfg = Release|Any CPU
		{87984D03-629E-4B2A-9F40-A973D1DC26F7}.Release|Any CPU.Build.0 = Release|Any CPU
	EndGlobalSection
	GlobalSection(SolutionProperties) = preSolution
		HideSolutionNode = FALSE
	EndGlobalSection
	GlobalSection(ExtensibilityGlobals) = postSolution
		SolutionGuid = {4679152C-69B0-4FEB-9F58-F8CED02CA5A9}
	EndGlobalSection
EndGlobal
