
Microsoft Visual Studio Solution File, Format Version 12.00
# Visual Studio Version 17
VisualStudioVersion = 17.7.34018.315
MinimumVisualStudioVersion = 10.0.40219.1
Project("{FAE04EC0-301F-11D3-BF4B-00C04F79EFBC}") = "P14 Manejando Menu_Opciones_Recursividad_Directa", "P14 Manejando Menu_Opciones_Recursividad_Directa.csproj", "{3091440C-A41A-45D0-80CF-511DB9493A5A}"
EndProject
Global
	GlobalSection(SolutionConfigurationPlatforms) = preSolution
		Debug|Any CPU = Debug|Any CPU
		Release|Any CPU = Release|Any CPU
	EndGlobalSection
	GlobalSection(ProjectConfigurationPlatforms) = postSolution
		{3091440C-A41A-45D0-80CF-511DB9493A5A}.Debug|Any CPU.ActiveCfg = Debug|Any CPU
		{3091440C-A41A-45D0-80CF-511DB9493A5A}.Debug|Any CPU.Build.0 = Debug|Any CPU
		{3091440C-A41A-45D0-80CF-511DB9493A5A}.Release|Any CPU.ActiveCfg = Release|Any CPU
		{3091440C-A41A-45D0-80CF-511DB9493A5A}.Release|Any CPU.Build.0 = Release|Any CPU
	EndGlobalSection
	GlobalSection(SolutionProperties) = preSolution
		HideSolutionNode = FALSE
	EndGlobalSection
	GlobalSection(ExtensibilityGlobals) = postSolution
		SolutionGuid = {63755CAC-98D3-4071-8830-E47132716531}
	EndGlobalSection
EndGlobal
