
Microsoft Visual Studio Solution File, Format Version 12.00
# Visual Studio Version 17
VisualStudioVersion = 17.3.32901.215
MinimumVisualStudioVersion = 10.0.40219.1
Project("{FAE04EC0-301F-11D3-BF4B-00C04F79EFBC}") = "D_Ejemplo", "D_Ejemplo.csproj", "{B0599645-189E-42A1-9117-BB6E13686FA2}"
EndProject
Global
	GlobalSection(SolutionConfigurationPlatforms) = preSolution
		Debug|Any CPU = Debug|Any CPU
		Release|Any CPU = Release|Any CPU
	EndGlobalSection
	GlobalSection(ProjectConfigurationPlatforms) = postSolution
		{B0599645-189E-42A1-9117-BB6E13686FA2}.Debug|Any CPU.ActiveCfg = Debug|Any CPU
		{B0599645-189E-42A1-9117-BB6E13686FA2}.Debug|Any CPU.Build.0 = Debug|Any CPU
		{B0599645-189E-42A1-9117-BB6E13686FA2}.Release|Any CPU.ActiveCfg = Release|Any CPU
		{B0599645-189E-42A1-9117-BB6E13686FA2}.Release|Any CPU.Build.0 = Release|Any CPU
	EndGlobalSection
	GlobalSection(SolutionProperties) = preSolution
		HideSolutionNode = FALSE
	EndGlobalSection
	GlobalSection(ExtensibilityGlobals) = postSolution
		SolutionGuid = {3BA5AEB8-EBAD-4F62-8DB5-9E932803945B}
	EndGlobalSection
EndGlobal
