
Microsoft Visual Studio Solution File, Format Version 12.00
# Visual Studio Version 17
VisualStudioVersion = 17.4.33213.308
MinimumVisualStudioVersion = 10.0.40219.1
Project("{FAE04EC0-301F-11D3-BF4B-00C04F79EFBC}") = "Programa25 - Practica_Unidad3", "Programa25 - Practica_Unidad3.csproj", "{931C4990-FD4A-48E3-81E0-E65ECE3EA5A8}"
EndProject
Global
	GlobalSection(SolutionConfigurationPlatforms) = preSolution
		Debug|Any CPU = Debug|Any CPU
		Release|Any CPU = Release|Any CPU
	EndGlobalSection
	GlobalSection(ProjectConfigurationPlatforms) = postSolution
		{931C4990-FD4A-48E3-81E0-E65ECE3EA5A8}.Debug|Any CPU.ActiveCfg = Debug|Any CPU
		{931C4990-FD4A-48E3-81E0-E65ECE3EA5A8}.Debug|Any CPU.Build.0 = Debug|Any CPU
		{931C4990-FD4A-48E3-81E0-E65ECE3EA5A8}.Release|Any CPU.ActiveCfg = Release|Any CPU
		{931C4990-FD4A-48E3-81E0-E65ECE3EA5A8}.Release|Any CPU.Build.0 = Release|Any CPU
	EndGlobalSection
	GlobalSection(SolutionProperties) = preSolution
		HideSolutionNode = FALSE
	EndGlobalSection
	GlobalSection(ExtensibilityGlobals) = postSolution
		SolutionGuid = {99530BD1-AF3C-4939-8743-4A1C9A81368F}
	EndGlobalSection
EndGlobal
