
Microsoft Visual Studio Solution File, Format Version 12.00
# Visual Studio Version 17
VisualStudioVersion = 17.3.32804.467
MinimumVisualStudioVersion = 10.0.40219.1
Project("{FAE04EC0-301F-11D3-BF4B-00C04F79EFBC}") = "M_Ejercicio1", "M_Ejercicio1.csproj", "{019B2BB4-3591-45C9-AF0E-59393D97A5D0}"
EndProject
Global
	GlobalSection(SolutionConfigurationPlatforms) = preSolution
		Debug|Any CPU = Debug|Any CPU
		Release|Any CPU = Release|Any CPU
	EndGlobalSection
	GlobalSection(ProjectConfigurationPlatforms) = postSolution
		{019B2BB4-3591-45C9-AF0E-59393D97A5D0}.Debug|Any CPU.ActiveCfg = Debug|Any CPU
		{019B2BB4-3591-45C9-AF0E-59393D97A5D0}.Debug|Any CPU.Build.0 = Debug|Any CPU
		{019B2BB4-3591-45C9-AF0E-59393D97A5D0}.Release|Any CPU.ActiveCfg = Release|Any CPU
		{019B2BB4-3591-45C9-AF0E-59393D97A5D0}.Release|Any CPU.Build.0 = Release|Any CPU
	EndGlobalSection
	GlobalSection(SolutionProperties) = preSolution
		HideSolutionNode = FALSE
	EndGlobalSection
	GlobalSection(ExtensibilityGlobals) = postSolution
		SolutionGuid = {45710FFC-BAA8-4592-9058-FB2ECC8E3948}
	EndGlobalSection
EndGlobal
