
Microsoft Visual Studio Solution File, Format Version 12.00
# Visual Studio Version 17
VisualStudioVersion = 17.3.32901.215
MinimumVisualStudioVersion = 10.0.40219.1
Project("{FAE04EC0-301F-11D3-BF4B-00C04F79EFBC}") = "DW_EjemploClase1", "DW_EjemploClase1\DW_EjemploClase1.csproj", "{68D24B5D-FC8B-4058-B168-7E99C9F6C846}"
EndProject
Global
	GlobalSection(SolutionConfigurationPlatforms) = preSolution
		Debug|Any CPU = Debug|Any CPU
		Release|Any CPU = Release|Any CPU
	EndGlobalSection
	GlobalSection(ProjectConfigurationPlatforms) = postSolution
		{68D24B5D-FC8B-4058-B168-7E99C9F6C846}.Debug|Any CPU.ActiveCfg = Debug|Any CPU
		{68D24B5D-FC8B-4058-B168-7E99C9F6C846}.Debug|Any CPU.Build.0 = Debug|Any CPU
		{68D24B5D-FC8B-4058-B168-7E99C9F6C846}.Release|Any CPU.ActiveCfg = Release|Any CPU
		{68D24B5D-FC8B-4058-B168-7E99C9F6C846}.Release|Any CPU.Build.0 = Release|Any CPU
	EndGlobalSection
	GlobalSection(SolutionProperties) = preSolution
		HideSolutionNode = FALSE
	EndGlobalSection
	GlobalSection(ExtensibilityGlobals) = postSolution
		SolutionGuid = {17FBA850-E7E1-42EE-8D2E-F18034177A29}
	EndGlobalSection
EndGlobal
