
Microsoft Visual Studio Solution File, Format Version 12.00
# Visual Studio Version 17
VisualStudioVersion = 17.6.33815.320
MinimumVisualStudioVersion = 10.0.40219.1
Project("{FAE04EC0-301F-11D3-BF4B-00C04F79EFBC}") = "P24 Colas Dobles", "P24 Colas Dobles.csproj", "{61345370-E666-45EA-B25D-02339A480AB5}"
EndProject
Global
	GlobalSection(SolutionConfigurationPlatforms) = preSolution
		Debug|Any CPU = Debug|Any CPU
		Release|Any CPU = Release|Any CPU
	EndGlobalSection
	GlobalSection(ProjectConfigurationPlatforms) = postSolution
		{61345370-E666-45EA-B25D-02339A480AB5}.Debug|Any CPU.ActiveCfg = Debug|Any CPU
		{61345370-E666-45EA-B25D-02339A480AB5}.Debug|Any CPU.Build.0 = Debug|Any CPU
		{61345370-E666-45EA-B25D-02339A480AB5}.Release|Any CPU.ActiveCfg = Release|Any CPU
		{61345370-E666-45EA-B25D-02339A480AB5}.Release|Any CPU.Build.0 = Release|Any CPU
	EndGlobalSection
	GlobalSection(SolutionProperties) = preSolution
		HideSolutionNode = FALSE
	EndGlobalSection
	GlobalSection(ExtensibilityGlobals) = postSolution
		SolutionGuid = {E3D2D96C-F5D3-4BD0-94AB-A84A94DD6A40}
	EndGlobalSection
EndGlobal
