
Microsoft Visual Studio Solution File, Format Version 12.00
# Visual Studio Version 17
VisualStudioVersion = 17.6.33815.320
MinimumVisualStudioVersion = 10.0.40219.1
Project("{FAE04EC0-301F-11D3-BF4B-00C04F79EFBC}") = "P15 Manejando_Inversa_Procedimientos_Recursivos", "P15 Manejando_Inversa_Procedimientos_Recursivos.csproj", "{2875155A-1F68-41C6-99F3-9890AD1B84E1}"
EndProject
Global
	GlobalSection(SolutionConfigurationPlatforms) = preSolution
		Debug|Any CPU = Debug|Any CPU
		Release|Any CPU = Release|Any CPU
	EndGlobalSection
	GlobalSection(ProjectConfigurationPlatforms) = postSolution
		{2875155A-1F68-41C6-99F3-9890AD1B84E1}.Debug|Any CPU.ActiveCfg = Debug|Any CPU
		{2875155A-1F68-41C6-99F3-9890AD1B84E1}.Debug|Any CPU.Build.0 = Debug|Any CPU
		{2875155A-1F68-41C6-99F3-9890AD1B84E1}.Release|Any CPU.ActiveCfg = Release|Any CPU
		{2875155A-1F68-41C6-99F3-9890AD1B84E1}.Release|Any CPU.Build.0 = Release|Any CPU
	EndGlobalSection
	GlobalSection(SolutionProperties) = preSolution
		HideSolutionNode = FALSE
	EndGlobalSection
	GlobalSection(ExtensibilityGlobals) = postSolution
		SolutionGuid = {869BC2A5-A4EA-4570-B4EE-31D41BFFEBE2}
	EndGlobalSection
EndGlobal
