
Microsoft Visual Studio Solution File, Format Version 12.00
# Visual Studio Version 17
VisualStudioVersion = 17.6.33815.320
MinimumVisualStudioVersion = 10.0.40219.1
Project("{FAE04EC0-301F-11D3-BF4B-00C04F79EFBC}") = "P43 Busqueda Secuencial Metodo 3", "P43 Busqueda Secuencial Metodo 3.csproj", "{CCA10446-FFA9-4DF0-836E-756D034A6ADA}"
EndProject
Global
	GlobalSection(SolutionConfigurationPlatforms) = preSolution
		Debug|Any CPU = Debug|Any CPU
		Release|Any CPU = Release|Any CPU
	EndGlobalSection
	GlobalSection(ProjectConfigurationPlatforms) = postSolution
		{CCA10446-FFA9-4DF0-836E-756D034A6ADA}.Debug|Any CPU.ActiveCfg = Debug|Any CPU
		{CCA10446-FFA9-4DF0-836E-756D034A6ADA}.Debug|Any CPU.Build.0 = Debug|Any CPU
		{CCA10446-FFA9-4DF0-836E-756D034A6ADA}.Release|Any CPU.ActiveCfg = Release|Any CPU
		{CCA10446-FFA9-4DF0-836E-756D034A6ADA}.Release|Any CPU.Build.0 = Release|Any CPU
	EndGlobalSection
	GlobalSection(SolutionProperties) = preSolution
		HideSolutionNode = FALSE
	EndGlobalSection
	GlobalSection(ExtensibilityGlobals) = postSolution
		SolutionGuid = {D0BE3153-D6BC-4A14-9988-4036676B72C3}
	EndGlobalSection
EndGlobal
