
Microsoft Visual Studio Solution File, Format Version 12.00
# Visual Studio Version 17
VisualStudioVersion = 17.3.32804.467
MinimumVisualStudioVersion = 10.0.40219.1
Project("{FAE04EC0-301F-11D3-BF4B-00C04F79EFBC}") = "DW_Ejercicio3", "DW_Ejercicio3(3)\DW_Ejercicio3.csproj", "{1445086B-5C60-4611-9218-9253B2C60587}"
EndProject
Global
	GlobalSection(SolutionConfigurationPlatforms) = preSolution
		Debug|Any CPU = Debug|Any CPU
		Release|Any CPU = Release|Any CPU
	EndGlobalSection
	GlobalSection(ProjectConfigurationPlatforms) = postSolution
		{1445086B-5C60-4611-9218-9253B2C60587}.Debug|Any CPU.ActiveCfg = Debug|Any CPU
		{1445086B-5C60-4611-9218-9253B2C60587}.Debug|Any CPU.Build.0 = Debug|Any CPU
		{1445086B-5C60-4611-9218-9253B2C60587}.Release|Any CPU.ActiveCfg = Release|Any CPU
		{1445086B-5C60-4611-9218-9253B2C60587}.Release|Any CPU.Build.0 = Release|Any CPU
	EndGlobalSection
	GlobalSection(SolutionProperties) = preSolution
		HideSolutionNode = FALSE
	EndGlobalSection
	GlobalSection(ExtensibilityGlobals) = postSolution
		SolutionGuid = {6D2EC46B-AA06-4E57-A905-A120800B96C4}
	EndGlobalSection
EndGlobal
