
Microsoft Visual Studio Solution File, Format Version 12.00
# Visual Studio Version 17
VisualStudioVersion = 17.3.32901.215
MinimumVisualStudioVersion = 10.0.40219.1
Project("{FAE04EC0-301F-11D3-BF4B-00C04F79EFBC}") = "M_Ejercicio2", "M_Ejercicio2.csproj", "{256BC062-DF07-4A5F-A1DA-EA1E2ED7B48D}"
EndProject
Global
	GlobalSection(SolutionConfigurationPlatforms) = preSolution
		Debug|Any CPU = Debug|Any CPU
		Release|Any CPU = Release|Any CPU
	EndGlobalSection
	GlobalSection(ProjectConfigurationPlatforms) = postSolution
		{256BC062-DF07-4A5F-A1DA-EA1E2ED7B48D}.Debug|Any CPU.ActiveCfg = Debug|Any CPU
		{256BC062-DF07-4A5F-A1DA-EA1E2ED7B48D}.Debug|Any CPU.Build.0 = Debug|Any CPU
		{256BC062-DF07-4A5F-A1DA-EA1E2ED7B48D}.Release|Any CPU.ActiveCfg = Release|Any CPU
		{256BC062-DF07-4A5F-A1DA-EA1E2ED7B48D}.Release|Any CPU.Build.0 = Release|Any CPU
	EndGlobalSection
	GlobalSection(SolutionProperties) = preSolution
		HideSolutionNode = FALSE
	EndGlobalSection
	GlobalSection(ExtensibilityGlobals) = postSolution
		SolutionGuid = {275082A2-8C16-4D10-9C65-021227AF2984}
	EndGlobalSection
EndGlobal
