
Microsoft Visual Studio Solution File, Format Version 12.00
# Visual Studio Version 17
VisualStudioVersion = 17.8.34309.116
MinimumVisualStudioVersion = 10.0.40219.1
Project("{FAE04EC0-301F-11D3-BF4B-00C04F79EFBC}") = "FrequencyTestLib", "FrequencyTestLib.csproj", "{685CD98F-93ED-47C2-97CD-BC62F83F06D8}"
EndProject
Global
	GlobalSection(SolutionConfigurationPlatforms) = preSolution
		Debug|Any CPU = Debug|Any CPU
		Release|Any CPU = Release|Any CPU
	EndGlobalSection
	GlobalSection(ProjectConfigurationPlatforms) = postSolution
		{685CD98F-93ED-47C2-97CD-BC62F83F06D8}.Debug|Any CPU.ActiveCfg = Debug|Any CPU
		{685CD98F-93ED-47C2-97CD-BC62F83F06D8}.Debug|Any CPU.Build.0 = Debug|Any CPU
		{685CD98F-93ED-47C2-97CD-BC62F83F06D8}.Release|Any CPU.ActiveCfg = Release|Any CPU
		{685CD98F-93ED-47C2-97CD-BC62F83F06D8}.Release|Any CPU.Build.0 = Release|Any CPU
	EndGlobalSection
	GlobalSection(SolutionProperties) = preSolution
		HideSolutionNode = FALSE
	EndGlobalSection
	GlobalSection(ExtensibilityGlobals) = postSolution
		SolutionGuid = {050557D6-176B-442D-BCB7-AC92E5F4F01E}
	EndGlobalSection
EndGlobal
