
Microsoft Visual Studio Solution File, Format Version 12.00
# Visual Studio Version 17
VisualStudioVersion = 17.4.33213.308
MinimumVisualStudioVersion = 10.0.40219.1
Project("{FAE04EC0-301F-11D3-BF4B-00C04F79EFBC}") = "Ejemplo3_Constructores y Destructores", "Ejemplo3_Constructores y Destructores.csproj", "{BA6E3689-9752-4600-87C9-BCB3CA4BB966}"
EndProject
Global
	GlobalSection(SolutionConfigurationPlatforms) = preSolution
		Debug|Any CPU = Debug|Any CPU
		Release|Any CPU = Release|Any CPU
	EndGlobalSection
	GlobalSection(ProjectConfigurationPlatforms) = postSolution
		{BA6E3689-9752-4600-87C9-BCB3CA4BB966}.Debug|Any CPU.ActiveCfg = Debug|Any CPU
		{BA6E3689-9752-4600-87C9-BCB3CA4BB966}.Debug|Any CPU.Build.0 = Debug|Any CPU
		{BA6E3689-9752-4600-87C9-BCB3CA4BB966}.Release|Any CPU.ActiveCfg = Release|Any CPU
		{BA6E3689-9752-4600-87C9-BCB3CA4BB966}.Release|Any CPU.Build.0 = Release|Any CPU
	EndGlobalSection
	GlobalSection(SolutionProperties) = preSolution
		HideSolutionNode = FALSE
	EndGlobalSection
	GlobalSection(ExtensibilityGlobals) = postSolution
		SolutionGuid = {12264E28-9B71-484B-ACC0-75C63E0992D1}
	EndGlobalSection
EndGlobal
