
Microsoft Visual Studio Solution File, Format Version 12.00
# Visual Studio Version 17
VisualStudioVersion = 17.6.33815.320
MinimumVisualStudioVersion = 10.0.40219.1
Project("{FAE04EC0-301F-11D3-BF4B-00C04F79EFBC}") = "P11 Manejo de recursividad directa con metodos", "P11 Manejo de recursividad directa con metodos.csproj", "{B57F05CF-EADD-45B8-9296-4E673A7FB6CB}"
EndProject
Global
	GlobalSection(SolutionConfigurationPlatforms) = preSolution
		Debug|Any CPU = Debug|Any CPU
		Release|Any CPU = Release|Any CPU
	EndGlobalSection
	GlobalSection(ProjectConfigurationPlatforms) = postSolution
		{B57F05CF-EADD-45B8-9296-4E673A7FB6CB}.Debug|Any CPU.ActiveCfg = Debug|Any CPU
		{B57F05CF-EADD-45B8-9296-4E673A7FB6CB}.Debug|Any CPU.Build.0 = Debug|Any CPU
		{B57F05CF-EADD-45B8-9296-4E673A7FB6CB}.Release|Any CPU.ActiveCfg = Release|Any CPU
		{B57F05CF-EADD-45B8-9296-4E673A7FB6CB}.Release|Any CPU.Build.0 = Release|Any CPU
	EndGlobalSection
	GlobalSection(SolutionProperties) = preSolution
		HideSolutionNode = FALSE
	EndGlobalSection
	GlobalSection(ExtensibilityGlobals) = postSolution
		SolutionGuid = {C24CE138-201C-4E6F-8130-375E605D8DA6}
	EndGlobalSection
EndGlobal
