
Microsoft Visual Studio Solution File, Format Version 12.00
# Visual Studio Version 17
VisualStudioVersion = 17.4.33213.308
MinimumVisualStudioVersion = 10.0.40219.1
Project("{FAE04EC0-301F-11D3-BF4B-00C04F79EFBC}") = "Programa9 - Funciones", "Programa9 - Funciones.csproj", "{99E9EB47-C94A-44C0-BF5F-78C80BB09181}"
EndProject
Global
	GlobalSection(SolutionConfigurationPlatforms) = preSolution
		Debug|Any CPU = Debug|Any CPU
		Release|Any CPU = Release|Any CPU
	EndGlobalSection
	GlobalSection(ProjectConfigurationPlatforms) = postSolution
		{99E9EB47-C94A-44C0-BF5F-78C80BB09181}.Debug|Any CPU.ActiveCfg = Debug|Any CPU
		{99E9EB47-C94A-44C0-BF5F-78C80BB09181}.Debug|Any CPU.Build.0 = Debug|Any CPU
		{99E9EB47-C94A-44C0-BF5F-78C80BB09181}.Release|Any CPU.ActiveCfg = Release|Any CPU
		{99E9EB47-C94A-44C0-BF5F-78C80BB09181}.Release|Any CPU.Build.0 = Release|Any CPU
	EndGlobalSection
	GlobalSection(SolutionProperties) = preSolution
		HideSolutionNode = FALSE
	EndGlobalSection
	GlobalSection(ExtensibilityGlobals) = postSolution
		SolutionGuid = {50500877-CFF7-438E-808F-F545E29B156B}
	EndGlobalSection
EndGlobal
