
Microsoft Visual Studio Solution File, Format Version 12.00
# Visual Studio Version 17
VisualStudioVersion = 17.6.33815.320
MinimumVisualStudioVersion = 10.0.40219.1
Project("{FAE04EC0-301F-11D3-BF4B-00C04F79EFBC}") = "P30 Manejando Arboles Recursividad", "P30 Manejando Arboles Recursividad.csproj", "{C4D53B55-1F3B-48D6-9E30-D4E6B69C9CF1}"
EndProject
Global
	GlobalSection(SolutionConfigurationPlatforms) = preSolution
		Debug|Any CPU = Debug|Any CPU
		Release|Any CPU = Release|Any CPU
	EndGlobalSection
	GlobalSection(ProjectConfigurationPlatforms) = postSolution
		{C4D53B55-1F3B-48D6-9E30-D4E6B69C9CF1}.Debug|Any CPU.ActiveCfg = Debug|Any CPU
		{C4D53B55-1F3B-48D6-9E30-D4E6B69C9CF1}.Debug|Any CPU.Build.0 = Debug|Any CPU
		{C4D53B55-1F3B-48D6-9E30-D4E6B69C9CF1}.Release|Any CPU.ActiveCfg = Release|Any CPU
		{C4D53B55-1F3B-48D6-9E30-D4E6B69C9CF1}.Release|Any CPU.Build.0 = Release|Any CPU
	EndGlobalSection
	GlobalSection(SolutionProperties) = preSolution
		HideSolutionNode = FALSE
	EndGlobalSection
	GlobalSection(ExtensibilityGlobals) = postSolution
		SolutionGuid = {F5757DAD-290D-4ADA-AD7C-34AE02F01946}
	EndGlobalSection
EndGlobal
