
Microsoft Visual Studio Solution File, Format Version 12.00
# Visual Studio Version 17
VisualStudioVersion = 17.4.33213.308
MinimumVisualStudioVersion = 10.0.40219.1
Project("{FAE04EC0-301F-11D3-BF4B-00C04F79EFBC}") = "Programa32-Uso_Biblioteca_Perimetros", "Programa32-Uso_Biblioteca_Perimetros.csproj", "{4433F5AA-D418-43AF-BCE8-D086CADDC928}"
EndProject
Global
	GlobalSection(SolutionConfigurationPlatforms) = preSolution
		Debug|Any CPU = Debug|Any CPU
		Release|Any CPU = Release|Any CPU
	EndGlobalSection
	GlobalSection(ProjectConfigurationPlatforms) = postSolution
		{4433F5AA-D418-43AF-BCE8-D086CADDC928}.Debug|Any CPU.ActiveCfg = Debug|Any CPU
		{4433F5AA-D418-43AF-BCE8-D086CADDC928}.Debug|Any CPU.Build.0 = Debug|Any CPU
		{4433F5AA-D418-43AF-BCE8-D086CADDC928}.Release|Any CPU.ActiveCfg = Release|Any CPU
		{4433F5AA-D418-43AF-BCE8-D086CADDC928}.Release|Any CPU.Build.0 = Release|Any CPU
	EndGlobalSection
	GlobalSection(SolutionProperties) = preSolution
		HideSolutionNode = FALSE
	EndGlobalSection
	GlobalSection(ExtensibilityGlobals) = postSolution
		SolutionGuid = {3062995F-BF67-4CA2-9928-8CCD8FA01BAA}
	EndGlobalSection
EndGlobal
