
Microsoft Visual Studio Solution File, Format Version 12.00
# Visual Studio Version 17
VisualStudioVersion = 17.8.34309.116
MinimumVisualStudioVersion = 10.0.40219.1
Project("{FAE04EC0-301F-11D3-BF4B-00C04F79EFBC}") = "P47 Metodo Hash Aritmetica Modular", "P47 Metodo Hash Aritmetica Modular.csproj", "{59E91B85-755D-4FE7-8271-9BA9F8F64E33}"
EndProject
Global
	GlobalSection(SolutionConfigurationPlatforms) = preSolution
		Debug|Any CPU = Debug|Any CPU
		Release|Any CPU = Release|Any CPU
	EndGlobalSection
	GlobalSection(ProjectConfigurationPlatforms) = postSolution
		{59E91B85-755D-4FE7-8271-9BA9F8F64E33}.Debug|Any CPU.ActiveCfg = Debug|Any CPU
		{59E91B85-755D-4FE7-8271-9BA9F8F64E33}.Debug|Any CPU.Build.0 = Debug|Any CPU
		{59E91B85-755D-4FE7-8271-9BA9F8F64E33}.Release|Any CPU.ActiveCfg = Release|Any CPU
		{59E91B85-755D-4FE7-8271-9BA9F8F64E33}.Release|Any CPU.Build.0 = Release|Any CPU
	EndGlobalSection
	GlobalSection(SolutionProperties) = preSolution
		HideSolutionNode = FALSE
	EndGlobalSection
	GlobalSection(ExtensibilityGlobals) = postSolution
		SolutionGuid = {96C36EDF-F6EC-4DA0-8AC7-EEE55FBE0DE2}
	EndGlobalSection
EndGlobal
