
Microsoft Visual Studio Solution File, Format Version 12.00
# Visual Studio Version 17
VisualStudioVersion = 17.4.33213.308
MinimumVisualStudioVersion = 10.0.40219.1
Project("{FAE04EC0-301F-11D3-BF4B-00C04F79EFBC}") = "Programa7 - Switch_Case", "Programa7 - Switch_Case.csproj", "{F206B0EE-AE73-4A6C-B964-00D89FF31BA8}"
EndProject
Global
	GlobalSection(SolutionConfigurationPlatforms) = preSolution
		Debug|Any CPU = Debug|Any CPU
		Release|Any CPU = Release|Any CPU
	EndGlobalSection
	GlobalSection(ProjectConfigurationPlatforms) = postSolution
		{F206B0EE-AE73-4A6C-B964-00D89FF31BA8}.Debug|Any CPU.ActiveCfg = Debug|Any CPU
		{F206B0EE-AE73-4A6C-B964-00D89FF31BA8}.Debug|Any CPU.Build.0 = Debug|Any CPU
		{F206B0EE-AE73-4A6C-B964-00D89FF31BA8}.Release|Any CPU.ActiveCfg = Release|Any CPU
		{F206B0EE-AE73-4A6C-B964-00D89FF31BA8}.Release|Any CPU.Build.0 = Release|Any CPU
	EndGlobalSection
	GlobalSection(SolutionProperties) = preSolution
		HideSolutionNode = FALSE
	EndGlobalSection
	GlobalSection(ExtensibilityGlobals) = postSolution
		SolutionGuid = {A3CE18EC-6A13-4884-A2A5-482C86B1B55F}
	EndGlobalSection
EndGlobal
