
Microsoft Visual Studio Solution File, Format Version 12.00
# Visual Studio Version 17
VisualStudioVersion = 17.3.32901.215
MinimumVisualStudioVersion = 10.0.40219.1
Project("{FAE04EC0-301F-11D3-BF4B-00C04F79EFBC}") = "Problema_2", "Problema_2.csproj", "{E24FFB38-AADC-4B86-A01F-6F91DA60DAC7}"
EndProject
Global
	GlobalSection(SolutionConfigurationPlatforms) = preSolution
		Debug|Any CPU = Debug|Any CPU
		Release|Any CPU = Release|Any CPU
	EndGlobalSection
	GlobalSection(ProjectConfigurationPlatforms) = postSolution
		{E24FFB38-AADC-4B86-A01F-6F91DA60DAC7}.Debug|Any CPU.ActiveCfg = Debug|Any CPU
		{E24FFB38-AADC-4B86-A01F-6F91DA60DAC7}.Debug|Any CPU.Build.0 = Debug|Any CPU
		{E24FFB38-AADC-4B86-A01F-6F91DA60DAC7}.Release|Any CPU.ActiveCfg = Release|Any CPU
		{E24FFB38-AADC-4B86-A01F-6F91DA60DAC7}.Release|Any CPU.Build.0 = Release|Any CPU
	EndGlobalSection
	GlobalSection(SolutionProperties) = preSolution
		HideSolutionNode = FALSE
	EndGlobalSection
	GlobalSection(ExtensibilityGlobals) = postSolution
		SolutionGuid = {483150E9-CB7D-4AE2-BA02-325ED37CDC1A}
	EndGlobalSection
EndGlobal
