
Microsoft Visual Studio Solution File, Format Version 12.00
# Visual Studio Version 17
VisualStudioVersion = 17.7.34018.315
MinimumVisualStudioVersion = 10.0.40219.1
Project("{FAE04EC0-301F-11D3-BF4B-00C04F79EFBC}") = "P40 Mezcla Ascendente", "P40 Mezcla Ascendente.csproj", "{8654B4C2-62E4-4F12-BF34-E626C033C456}"
EndProject
Global
	GlobalSection(SolutionConfigurationPlatforms) = preSolution
		Debug|Any CPU = Debug|Any CPU
		Release|Any CPU = Release|Any CPU
	EndGlobalSection
	GlobalSection(ProjectConfigurationPlatforms) = postSolution
		{8654B4C2-62E4-4F12-BF34-E626C033C456}.Debug|Any CPU.ActiveCfg = Debug|Any CPU
		{8654B4C2-62E4-4F12-BF34-E626C033C456}.Debug|Any CPU.Build.0 = Debug|Any CPU
		{8654B4C2-62E4-4F12-BF34-E626C033C456}.Release|Any CPU.ActiveCfg = Release|Any CPU
		{8654B4C2-62E4-4F12-BF34-E626C033C456}.Release|Any CPU.Build.0 = Release|Any CPU
	EndGlobalSection
	GlobalSection(SolutionProperties) = preSolution
		HideSolutionNode = FALSE
	EndGlobalSection
	GlobalSection(ExtensibilityGlobals) = postSolution
		SolutionGuid = {69E2930D-A08B-4870-81A3-EDACB7BEE929}
	EndGlobalSection
EndGlobal
