
Microsoft Visual Studio Solution File, Format Version 12.00
# Visual Studio Version 17
VisualStudioVersion = 17.4.33213.308
MinimumVisualStudioVersion = 10.0.40219.1
Project("{FAE04EC0-301F-11D3-BF4B-00C04F79EFBC}") = "Programa36-PracticaExcepción_ArgumentoFueradeRango", "Programa36-PracticaExcepción_ArgumentoFueradeRango.csproj", "{D0288734-9BAD-434C-BCEC-D6974291FB8E}"
EndProject
Global
	GlobalSection(SolutionConfigurationPlatforms) = preSolution
		Debug|Any CPU = Debug|Any CPU
		Release|Any CPU = Release|Any CPU
	EndGlobalSection
	GlobalSection(ProjectConfigurationPlatforms) = postSolution
		{D0288734-9BAD-434C-BCEC-D6974291FB8E}.Debug|Any CPU.ActiveCfg = Debug|Any CPU
		{D0288734-9BAD-434C-BCEC-D6974291FB8E}.Debug|Any CPU.Build.0 = Debug|Any CPU
		{D0288734-9BAD-434C-BCEC-D6974291FB8E}.Release|Any CPU.ActiveCfg = Release|Any CPU
		{D0288734-9BAD-434C-BCEC-D6974291FB8E}.Release|Any CPU.Build.0 = Release|Any CPU
	EndGlobalSection
	GlobalSection(SolutionProperties) = preSolution
		HideSolutionNode = FALSE
	EndGlobalSection
	GlobalSection(ExtensibilityGlobals) = postSolution
		SolutionGuid = {C0A8AD55-4091-45D8-9698-8F7B97DC29EB}
	EndGlobalSection
EndGlobal
